// !$*UTF8*$!
{
	archiveVersion = 1;
	classes = {
	};
	objectVersion = 46;
	objects = {

/* Begin PBXBuildFile section */
		82C7CF141D63A31800AE48C8 /* main.m in Sources */ = {isa = PBXBuildFile; fileRef = 82C7CF131D63A31800AE48C8 /* main.m */; };
		82C7CF171D63A31800AE48C8 /* AppDelegate.m in Sources */ = {isa = PBXBuildFile; fileRef = 82C7CF161D63A31800AE48C8 /* AppDelegate.m */; };
		82C7CF1A1D63A31800AE48C8 /* MasterViewController.m in Sources */ = {isa = PBXBuildFile; fileRef = 82C7CF191D63A31800AE48C8 /* MasterViewController.m */; };
		82C7CF201D63A31800AE48C8 /* Main.storyboard in Resources */ = {isa = PBXBuildFile; fileRef = 82C7CF1E1D63A31800AE48C8 /* Main.storyboard */; };
		82C7CF221D63A31800AE48C8 /* Assets.xcassets in Resources */ = {isa = PBXBuildFile; fileRef = 82C7CF211D63A31800AE48C8 /* Assets.xcassets */; };
		82C7CF251D63A31800AE48C8 /* LaunchScreen.storyboard in Resources */ = {isa = PBXBuildFile; fileRef = 82C7CF231D63A31800AE48C8 /* LaunchScreen.storyboard */; };
/* End PBXBuildFile section */

/* Begin PBXFileReference section */
		82C7CF0F1D63A31800AE48C8 /* CoffeeKit.app */ = {isa = PBXFileReference; explicitFileType = wrapper.application; includeInIndex = 0; path = CoffeeKit.app; sourceTree = BUILT_PRODUCTS_DIR; };
		82C7CF131D63A31800AE48C8 /* main.m */ = {isa = PBXFileReference; lastKnownFileType = sourcecode.c.objc; path = main.m; sourceTree = "<group>"; };
		82C7CF151D63A31800AE48C8 /* AppDelegate.h */ = {isa = PBXFileReference; lastKnownFileType = sourcecode.c.h; path = AppDelegate.h; sourceTree = "<group>"; };
		82C7CF161D63A31800AE48C8 /* AppDelegate.m */ = {isa = PBXFileReference; lastKnownFileType = sourcecode.c.objc; path = AppDelegate.m; sourceTree = "<group>"; };
		82C7CF181D63A31800AE48C8 /* MasterViewController.h */ = {isa = PBXFileReference; lastKnownFileType = sourcecode.c.h; path = MasterViewController.h; sourceTree = "<group>"; };
		82C7CF191D63A31800AE48C8 /* MasterViewController.m */ = {isa = PBXFileReference; lastKnownFileType = sourcecode.c.objc; path = MasterViewController.m; sourceTree = "<group>"; };
		82C7CF1F1D63A31800AE48C8 /* Base */ = {isa = PBXFileReference; lastKnownFileType = file.storyboard; name = Base; path = Base.lproj/Main.storyboard; sourceTree = "<group>"; };
		82C7CF211D63A31800AE48C8 /* Assets.xcassets */ = {isa = PBXFileReference; lastKnownFileType = folder.assetcatalog; path = Assets.xcassets; sourceTree = "<group>"; };
		82C7CF241D63A31800AE48C8 /* Base */ = {isa = PBXFileReference; lastKnownFileType = file.storyboard; name = Base; path = Base.lproj/LaunchScreen.storyboard; sourceTree = "<group>"; };
		82C7CF261D63A31800AE48C8 /* Info.plist */ = {isa = PBXFileReference; lastKnownFileType = text.plist.xml; path = Info.plist; sourceTree = "<group>"; };
/* End PBXFileReference section */

/* Begin PBXFrameworksBuildPhase section */
		82C7CF0C1D63A31800AE48C8 /* Frameworks */ = {
			isa = PBXFrameworksBuildPhase;
			buildActionMask = 2147483647;
			files = (
			);
			runOnlyForDeploymentPostprocessing = 0;
		};
/* End PBXFrameworksBuildPhase section */

/* Begin PBXGroup section */
		82C7CF061D63A31800AE48C8 = {
			isa = PBXGroup;
			children = (
				82C7CF111D63A31800AE48C8 /* CoffeeKit */,
				82C7CF101D63A31800AE48C8 /* Products */,
			);
			sourceTree = "<group>";
		};
		82C7CF101D63A31800AE48C8 /* Products */ = {
			isa = PBXGroup;
			children = (
				82C7CF0F1D63A31800AE48C8 /* CoffeeKit.app */,
			);
			name = Products;
			sourceTree = "<group>";
		};
		82C7CF111D63A31800AE48C8 /* CoffeeKit */ = {
			isa = PBXGroup;
			children = (
				82C7CF151D63A31800AE48C8 /* AppDelegate.h */,
				82C7CF161D63A31800AE48C8 /* AppDelegate.m */,
				82C7CF181D63A31800AE48C8 /* MasterViewController.h */,
				82C7CF191D63A31800AE48C8 /* MasterViewController.m */,
				82C7CF1E1D63A31800AE48C8 /* Main.storyboard */,
				82C7CF211D63A31800AE48C8 /* Assets.xcassets */,
				82C7CF231D63A31800AE48C8 /* LaunchScreen.storyboard */,
				82C7CF261D63A31800AE48C8 /* Info.plist */,
				82C7CF121D63A31800AE48C8 /* Supporting Files */,
			);
			path = CoffeeKit;
			sourceTree = "<group>";
		};
		82C7CF121D63A31800AE48C8 /* Supporting Files */ = {
			isa = PBXGroup;
			children = (
				82C7CF131D63A31800AE48C8 /* main.m */,
			);
			name = "Supporting Files";
			sourceTree = "<group>";
		};
/* End PBXGroup section */

/* Begin PBXNativeTarget section */
		82C7CF0E1D63A31800AE48C8 /* CoffeeKit */ = {
			isa = PBXNativeTarget;
			buildConfigurationList = 82C7CF291D63A31800AE48C8 /* Build configuration list for PBXNativeTarget "CoffeeKit" */;
			buildPhases = (
				82C7CF0B1D63A31800AE48C8 /* Sources */,
				82C7CF0C1D63A31800AE48C8 /* Frameworks */,
				82C7CF0D1D63A31800AE48C8 /* Resources */,
			);
			buildRules = (
			);
			dependencies = (
			);
			name = CoffeeKit;
			productName = CoffeeKit;
			productReference = 82C7CF0F1D63A31800AE48C8 /* CoffeeKit.app */;
			productType = "com.apple.product-type.application";
		};
/* End PBXNativeTarget section */

/* Begin PBXProject section */
		82C7CF071D63A31800AE48C8 /* Project object */ = {
			isa = PBXProject;
			attributes = {
				LastUpgradeCheck = 0730;
				ORGANIZATIONNAME = Swarup_Pattnaik;
				TargetAttributes = {
					82C7CF0E1D63A31800AE48C8 = {
						CreatedOnToolsVersion = 7.3.1;
					};
				};
			};
			buildConfigurationList = 82C7CF0A1D63A31800AE48C8 /* Build configuration list for PBXProject "CoffeeKit" */;
			compatibilityVersion = "Xcode 3.2";
			developmentRegion = English;
			hasScannedForEncodings = 0;
			knownRegions = (
				en,
				Base,
			);
			mainGroup = 82C7CF061D63A31800AE48C8;
			productRefGroup = 82C7CF101D63A31800AE48C8 /* Products */;
			projectDirPath = "";
			projectRoot = "";
			targets = (
				82C7CF0E1D63A31800AE48C8 /* CoffeeKit */,
			);
		};
/* End PBXProject section */

/* Begin PBXResourcesBuildPhase section */
		82C7CF0D1D63A31800AE48C8 /* Resources */ = {
			isa = PBXResourcesBuildPhase;
			buildActionMask = 2147483647;
			files = (
				82C7CF251D63A31800AE48C8 /* LaunchScreen.storyboard in Resources */,
				82C7CF221D63A31800AE48C8 /* Assets.xcassets in Resources */,
				82C7CF201D63A31800AE48C8 /* Main.storyboard in Resources */,
			);
			runOnlyForDeploymentPostprocessing = 0;
		};
/* End PBXResourcesBuildPhase section */

/* Begin PBXSourcesBuildPhase section */
		82C7CF0B1D63A31800AE48C8 /* Sources */ = {
			isa = PBXSourcesBuildPhase;
			buildActionMask = 2147483647;
			files = (
				82C7CF171D63A31800AE48C8 /* AppDelegate.m in Sources */,
				82C7CF1A1D63A31800AE48C8 /* MasterViewController.m in Sources */,
				82C7CF141D63A31800AE48C8 /* main.m in Sources */,
			);
			runOnlyForDeploymentPostprocessing = 0;
		};
/* End PBXSourcesBuildPhase section */

/* Begin PBXVariantGroup section */
		82C7CF1E1D63A31800AE48C8 /* Main.storyboard */ = {
			isa = PBXVariantGroup;
			children = (
				82C7CF1F1D63A31800AE48C8 /* Base */,
			);
			name = Main.storyboard;
			sourceTree = "<group>";
		};
		82C7CF231D63A31800AE48C8 /* LaunchScreen.storyboard */ = {
			isa = PBXVariantGroup;
			children = (
				82C7CF241D63A31800AE48C8 /* Base */,
			);
			name = LaunchScreen.storyboard;
			sourceTree = "<group>";
		};
/* End PBXVariantGroup section */

/* Begin XCBuildConfiguration section */
		82C7CF271D63A31800AE48C8 /* Debug */ = {
			isa = XCBuildConfiguration;
			buildSettings = {
				ALWAYS_SEARCH_USER_PATHS = NO;
				CLANG_ANALYZER_NONNULL = YES;
				CLANG_CXX_LANGUAGE_STANDARD = "gnu++0x";
				CLANG_CXX_LIBRARY = "libc++";
				CLANG_ENABLE_MODULES = YES;
				CLANG_ENABLE_OBJC_ARC = YES;
				CLANG_WARN_BOOL_CONVERSION = YES;
				CLANG_WARN_CONSTANT_CONVERSION = YES;
				CLANG_WARN_DIRECT_OBJC_ISA_USAGE = YES_ERROR;
				CLANG_WARN_EMPTY_BODY = YES;
				CLANG_WARN_ENUM_CONVERSION = YES;
				CLANG_WARN_INT_CONVERSION = YES;
				CLANG_WARN_OBJC_ROOT_CLASS = YES_ERROR;
				CLANG_WARN_UNREACHABLE_CODE = YES;
				CLANG_WARN__DUPLICATE_METHOD_MATCH = YES;
				"CODE_SIGN_IDENTITY[sdk=iphoneos*]" = "iPhone Developer";
				COPY_PHASE_STRIP = NO;
				DEBUG_INFORMATION_FORMAT = dwarf;
				ENABLE_STRICT_OBJC_MSGSEND = YES;
				ENABLE_TESTABILITY = YES;
				GCC_C_LANGUAGE_STANDARD = gnu99;
				GCC_DYNAMIC_NO_PIC = NO;
				GCC_NO_COMMON_BLOCKS = YES;
				GCC_OPTIMIZATION_LEVEL = 0;
				GCC_PREPROCESSOR_DEFINITIONS = (
					"DEBUG=1",
					"$(inherited)",
				);
				GCC_WARN_64_TO_32_BIT_CONVERSION = YES;
				GCC_WARN_ABOUT_RETURN_TYPE = YES_ERROR;
				GCC_WARN_UNDECLARED_SELECTOR = YES;
				GCC_WARN_UNINITIALIZED_AUTOS = YES_AGGRESSIVE;
				GCC_WARN_UNUSED_FUNCTION = YES;
				GCC_WARN_UNUSED_VARIABLE = YES;
				IPHONEOS_DEPLOYMENT_TARGET = 9.3;
				MTL_ENABLE_DEBUG_INFO = YES;
				ONLY_ACTIVE_ARCH = YES;
				SDKROOT = iphoneos;
			};
			name = Debug;
		};
		82C7CF281D63A31800AE48C8 /* Release */ = {
			isa = XCBuildConfiguration;
			buildSettings = {
				ALWAYS_SEARCH_USER_PATHS = NO;
				CLANG_ANALYZER_NONNULL = YES;
				CLANG_CXX_LANGUAGE_STANDARD = "gnu++0x";
				CLANG_CXX_LIBRARY = "libc++";
				CLANG_ENABLE_MODULES = YES;
				CLANG_ENABLE_OBJC_ARC = YES;
				CLANG_WARN_BOOL_CONVERSION = YES;
				CLANG_WARN_CONSTANT_CONVERSION = YES;
				CLANG_WARN_DIRECT_OBJC_ISA_USAGE = YES_ERROR;
				CLANG_WARN_EMPTY_BODY = YES;
				CLANG_WARN_ENUM_CONVERSION = YES;
				CLANG_WARN_INT_CONVERSION = YES;
				CLANG_WARN_OBJC_ROOT_CLASS = YES_ERROR;
				CLANG_WARN_UNREACHABLE_CODE = YES;
				CLANG_WARN__DUPLICATE_METHOD_MATCH = YES;
				"CODE_SIGN_IDENTITY[sdk=iphoneos*]" = "iPhone Developer";
				COPY_PHASE_STRIP = NO;
				DEBUG_INFORMATION_FORMAT = "dwarf-with-dsym";
				ENABLE_NS_ASSERTIONS = NO;
				ENABLE_STRICT_OBJC_MSGSEND = YES;
				GCC_C_LANGUAGE_STANDARD = gnu99;
				GCC_NO_COMMON_BLOCKS = YES;
				GCC_WARN_64_TO_32_BIT_CONVERSION = YES;
				GCC_WARN_ABOUT_RETURN_TYPE = YES_ERROR;
				GCC_WARN_UNDECLARED_SELECTOR = YES;
				GCC_WARN_UNINITIALIZED_AUTOS = YES_AGGRESSIVE;
				GCC_WARN_UNUSED_FUNCTION = YES;
				GCC_WARN_UNUSED_VARIABLE = YES;
				IPHONEOS_DEPLOYMENT_TARGET = 9.3;
				MTL_ENABLE_DEBUG_INFO = NO;
				SDKROOT = iphoneos;
				VALIDATE_PRODUCT = YES;
			};
			name = Release;
		};
		82C7CF2A1D63A31800AE48C8 /* Debug */ = {
			isa = XCBuildConfiguration;
			buildSettings = {
				ASSETCATALOG_COMPILER_APPICON_NAME = AppIcon;
				INFOPLIST_FILE = CoffeeKit/Info.plist;
				LD_RUNPATH_SEARCH_PATHS = "$(inherited) @executable_path/Frameworks";
				PRODUCT_BUNDLE_IDENTIFIER = com.Home.MacieLal.CoffeeKit;
				PRODUCT_NAME = "$(TARGET_NAME)";
			};
			name = Debug;
		};
		82C7CF2B1D63A31800AE48C8 /* Release */ = {
			isa = XCBuildConfiguration;
			buildSettings = {
				ASSETCATALOG_COMPILER_APPICON_NAME = AppIcon;
				INFOPLIST_FILE = CoffeeKit/Info.plist;
				LD_RUNPATH_SEARCH_PATHS = "$(inherited) @executable_path/Frameworks";
				PRODUCT_BUNDLE_IDENTIFIER = com.Home.MacieLal.CoffeeKit;
				PRODUCT_NAME = "$(TARGET_NAME)";
			};
			name = Release;
		};
/* End XCBuildConfiguration section */

/* Begin XCConfigurationList section */
		82C7CF0A1D63A31800AE48C8 /* Build configuration list for PBXProject "CoffeeKit" */ = {
			isa = XCConfigurationList;
			buildConfigurations = (
				82C7CF271D63A31800AE48C8 /* Debug */,
				82C7CF281D63A31800AE48C8 /* Release */,
			);
			defaultConfigurationIsVisible = 0;
			defaultConfigurationName = Release;
		};
		82C7CF291D63A31800AE48C8 /* Build configuration list for PBXNativeTarget "CoffeeKit" */ = {
			isa = XCConfigurationList;
			buildConfigurations = (
				82C7CF2A1D63A31800AE48C8 /* Debug */,
				82C7CF2B1D63A31800AE48C8 /* Release */,
			);
			defaultConfigurationIsVisible = 0;
			defaultConfigurationName = Release;
		};
/* End XCConfigurationList section */
	};
	rootObject = 82C7CF071D63A31800AE48C8 /* Project object */;
}
